
Microsoft Visual Studio Solution File, Format Version 12.00
# Visual Studio Version 17
VisualStudioVersion = 17.4.33403.182
MinimumVisualStudioVersion = 10.0.40219.1
Project("{9A19103F-16F7-4668-BE54-9A1E7A4F7556}") = "ExtraPoints_Grillino", "ExtraPoints_Grillino.csproj", "{500CDDDF-056C-40C8-86C3-DA0F774B7CFB}"
EndProject
Global
	GlobalSection(SolutionConfigurationPlatforms) = preSolution
		Debug|Any CPU = Debug|Any CPU
		Release|Any CPU = Release|Any CPU
	EndGlobalSection
	GlobalSection(ProjectConfigurationPlatforms) = postSolution
		{500CDDDF-056C-40C8-86C3-DA0F774B7CFB}.Debug|Any CPU.ActiveCfg = Debug|Any CPU
		{500CDDDF-056C-40C8-86C3-DA0F774B7CFB}.Debug|Any CPU.Build.0 = Debug|Any CPU
		{500CDDDF-056C-40C8-86C3-DA0F774B7CFB}.Release|Any CPU.ActiveCfg = Release|Any CPU
		{500CDDDF-056C-40C8-86C3-DA0F774B7CFB}.Release|Any CPU.Build.0 = Release|Any CPU
	EndGlobalSection
	GlobalSection(SolutionProperties) = preSolution
		HideSolutionNode = FALSE
	EndGlobalSection
	GlobalSection(ExtensibilityGlobals) = postSolution
		SolutionGuid = {3FABB7EE-EC03-4171-9525-5D69D2A97363}
	EndGlobalSection
EndGlobal
